
Microsoft Visual Studio Solution File, Format Version 12.00
# Visual Studio Version 17
VisualStudioVersion = 17.8.34408.163
MinimumVisualStudioVersion = 10.0.40219.1
Project("{9A19103F-16F7-4668-BE54-9A1E7A4F7556}") = "MauiApp1", "MauiApp1\MauiApp1.csproj", "{8AC64EF6-1534-4DDD-993D-F2AF2E509038}"
EndProject
Project("{FAE04EC0-301F-11D3-BF4B-00C04F79EFBC}") = "MobilOYKU.API", "MobilOYKU.API\MobilOYKU.API.csproj", "{5B40C949-30BB-4536-8A5E-5C8D36F7D6A1}"
EndProject
Project("{2150E333-8FDC-42A3-9474-1A3956D46DE8}") = "API", "API", "{407F73FE-6A8A-437F-A689-28C3E1B53628}"
EndProject
Project("{2150E333-8FDC-42A3-9474-1A3956D46DE8}") = "User_INTERFACE", "User_INTERFACE", "{86336B6A-8FAB-40AD-A27A-5936EE8B684F}"
EndProject
Project("{2150E333-8FDC-42A3-9474-1A3956D46DE8}") = "DATABASE", "DATABASE", "{C52287FB-3714-41BD-912B-A7F3F90634FC}"
EndProject
Project("{00D1A9C2-B5F0-4AF3-8072-F6C62B433612}") = "MobilOyku.Data", "MobilOyku.Data\MobilOyku.Data.sqlproj", "{30926CB9-9588-4B5E-80A3-2AE6E70F0E9F}"
EndProject
Global
	GlobalSection(SolutionConfigurationPlatforms) = preSolution
		Debug|Any CPU = Debug|Any CPU
		Release|Any CPU = Release|Any CPU
	EndGlobalSection
	GlobalSection(ProjectConfigurationPlatforms) = postSolution
		{8AC64EF6-1534-4DDD-993D-F2AF2E509038}.Debug|Any CPU.ActiveCfg = Debug|Any CPU
		{8AC64EF6-1534-4DDD-993D-F2AF2E509038}.Debug|Any CPU.Build.0 = Debug|Any CPU
		{8AC64EF6-1534-4DDD-993D-F2AF2E509038}.Debug|Any CPU.Deploy.0 = Debug|Any CPU
		{8AC64EF6-1534-4DDD-993D-F2AF2E509038}.Release|Any CPU.ActiveCfg = Release|Any CPU
		{8AC64EF6-1534-4DDD-993D-F2AF2E509038}.Release|Any CPU.Build.0 = Release|Any CPU
		{8AC64EF6-1534-4DDD-993D-F2AF2E509038}.Release|Any CPU.Deploy.0 = Release|Any CPU
		{5B40C949-30BB-4536-8A5E-5C8D36F7D6A1}.Debug|Any CPU.ActiveCfg = Debug|Any CPU
		{5B40C949-30BB-4536-8A5E-5C8D36F7D6A1}.Debug|Any CPU.Build.0 = Debug|Any CPU
		{5B40C949-30BB-4536-8A5E-5C8D36F7D6A1}.Release|Any CPU.ActiveCfg = Release|Any CPU
		{5B40C949-30BB-4536-8A5E-5C8D36F7D6A1}.Release|Any CPU.Build.0 = Release|Any CPU
		{30926CB9-9588-4B5E-80A3-2AE6E70F0E9F}.Debug|Any CPU.ActiveCfg = Debug|Any CPU
		{30926CB9-9588-4B5E-80A3-2AE6E70F0E9F}.Debug|Any CPU.Build.0 = Debug|Any CPU
		{30926CB9-9588-4B5E-80A3-2AE6E70F0E9F}.Debug|Any CPU.Deploy.0 = Debug|Any CPU
		{30926CB9-9588-4B5E-80A3-2AE6E70F0E9F}.Release|Any CPU.ActiveCfg = Release|Any CPU
		{30926CB9-9588-4B5E-80A3-2AE6E70F0E9F}.Release|Any CPU.Build.0 = Release|Any CPU
		{30926CB9-9588-4B5E-80A3-2AE6E70F0E9F}.Release|Any CPU.Deploy.0 = Release|Any CPU
	EndGlobalSection
	GlobalSection(SolutionProperties) = preSolution
		HideSolutionNode = FALSE
	EndGlobalSection
	GlobalSection(NestedProjects) = preSolution
		{8AC64EF6-1534-4DDD-993D-F2AF2E509038} = {86336B6A-8FAB-40AD-A27A-5936EE8B684F}
		{5B40C949-30BB-4536-8A5E-5C8D36F7D6A1} = {407F73FE-6A8A-437F-A689-28C3E1B53628}
		{30926CB9-9588-4B5E-80A3-2AE6E70F0E9F} = {C52287FB-3714-41BD-912B-A7F3F90634FC}
	EndGlobalSection
	GlobalSection(ExtensibilityGlobals) = postSolution
		SolutionGuid = {E854BCD3-F393-4E76-B905-49EBF0E6C476}
	EndGlobalSection
EndGlobal
